// !$*UTF8*$!
{
	archiveVersion = 1;
	classes = {
	};
	objectVersion = 46;
	objects = {

/* Begin PBXBuildFile section */
		61746C14192398B3002D8509 /* BirthClinicController in CopyFiles */ = {isa = PBXBuildFile; fileRef = 61AD162B1897F88A003D24DE /* BirthClinicController */; };
		61AD16401897F90A003D24DE /* libController.dylib in Frameworks */ = {isa = PBXBuildFile; fileRef = 61AD163E1897F90A003D24DE /* libController.dylib */; };
		61AD16411897F90A003D24DE /* libCppController.dylib in Frameworks */ = {isa = PBXBuildFile; fileRef = 61AD163F1897F90A003D24DE /* libCppController.dylib */; };
		61EBFBF919224C50000E6D71 /* libNEATLib.a in Frameworks */ = {isa = PBXBuildFile; fileRef = 61EBFBF719224C50000E6D71 /* libNEATLib.a */; };
		61EBFBFA19224C50000E6D71 /* libtinyxmlpluslib.a in Frameworks */ = {isa = PBXBuildFile; fileRef = 61EBFBF819224C50000E6D71 /* libtinyxmlpluslib.a */; };
		A814555E1924A94000278923 /* libshared.a in Frameworks */ = {isa = PBXBuildFile; fileRef = A814555D1924A94000278923 /* libshared.a */; };
		A814555F192627D600278923 /* libboost_filesystem-mt.dylib in Frameworks */ = {isa = PBXBuildFile; fileRef = A89E5B851907A01C008C9CDD /* libboost_filesystem-mt.dylib */; };
		A84E613D18FE883B007E227E /* BirthClinicController.cpp in Sources */ = {isa = PBXBuildFile; fileRef = A84E613B18FE883B007E227E /* BirthClinicController.cpp */; };
		A84F2AED190A970E0033F39C /* RoombotModule.cpp in Sources */ = {isa = PBXBuildFile; fileRef = A84F2AEB190A970E0033F39C /* RoombotModule.cpp */; };
		A86042651906CD1500972DED /* libz.dylib in Frameworks */ = {isa = PBXBuildFile; fileRef = A86042641906CD1500972DED /* libz.dylib */; };
		A89E5B881907A042008C9CDD /* libboost_system-mt.dylib in Frameworks */ = {isa = PBXBuildFile; fileRef = A89E5B871907A042008C9CDD /* libboost_system-mt.dylib */; };
		A8C42D95191A5FFF006DAF05 /* Builder.cpp in Sources */ = {isa = PBXBuildFile; fileRef = A8C42D93191A5FFF006DAF05 /* Builder.cpp */; };
		A8C42D99191A6352006DAF05 /* RoombotBuildPlan.cpp in Sources */ = {isa = PBXBuildFile; fileRef = A8C42D98191A6352006DAF05 /* RoombotBuildPlan.cpp */; };
		A8C42DC7191A640C006DAF05 /* ActivationValueMatrix.cpp in Sources */ = {isa = PBXBuildFile; fileRef = A8C42DC4191A640C006DAF05 /* ActivationValueMatrix.cpp */; };
		A8C42DC8191A640C006DAF05 /* Bitmap.cpp in Sources */ = {isa = PBXBuildFile; fileRef = A8C42DC5191A640C006DAF05 /* Bitmap.cpp */; };
		A8C42DC9191A640C006DAF05 /* RelativePosition.cpp in Sources */ = {isa = PBXBuildFile; fileRef = A8C42DC6191A640C006DAF05 /* RelativePosition.cpp */; };
		A8E6B63819000AA9000D6E40 /* main.cpp in Sources */ = {isa = PBXBuildFile; fileRef = A8E6B63619000AA9000D6E40 /* main.cpp */; };
/* End PBXBuildFile section */

/* Begin PBXCopyFilesBuildPhase section */
		61746C13192398A7002D8509 /* CopyFiles */ = {
			isa = PBXCopyFilesBuildPhase;
			buildActionMask = 2147483647;
			dstPath = "~/Documents/projects/tol-project/controllers/BirthClinicController";
			dstSubfolderSpec = 0;
			files = (
				61746C14192398B3002D8509 /* BirthClinicController in CopyFiles */,
			);
			runOnlyForDeploymentPostprocessing = 0;
		};
/* End PBXCopyFilesBuildPhase section */

/* Begin PBXFileReference section */
		61AD162B1897F88A003D24DE /* BirthClinicController */ = {isa = PBXFileReference; explicitFileType = "compiled.mach-o.executable"; includeInIndex = 0; path = BirthClinicController; sourceTree = BUILT_PRODUCTS_DIR; };
		61AD163E1897F90A003D24DE /* libController.dylib */ = {isa = PBXFileReference; lastKnownFileType = "compiled.mach-o.dylib"; name = libController.dylib; path = ../../../../../../../../Applications/Webots/lib/libController.dylib; sourceTree = "<group>"; };
		61AD163F1897F90A003D24DE /* libCppController.dylib */ = {isa = PBXFileReference; lastKnownFileType = "compiled.mach-o.dylib"; name = libCppController.dylib; path = ../../../../../../../../Applications/Webots/lib/libCppController.dylib; sourceTree = "<group>"; };
		61EBFBF719224C50000E6D71 /* libNEATLib.a */ = {isa = PBXFileReference; lastKnownFileType = archive.ar; name = libNEATLib.a; path = ../lib/libNEATLib.a; sourceTree = "<group>"; };
		61EBFBF819224C50000E6D71 /* libtinyxmlpluslib.a */ = {isa = PBXFileReference; lastKnownFileType = archive.ar; name = libtinyxmlpluslib.a; path = ../lib/libtinyxmlpluslib.a; sourceTree = "<group>"; };
		A814555D1924A94000278923 /* libshared.a */ = {isa = PBXFileReference; lastKnownFileType = archive.ar; name = libshared.a; path = "../../../../Library/Developer/Xcode/DerivedData/tol-controllers-fjseyothbjaqdtbuaxsbgzznnair/Build/Products/Debug/libshared.a"; sourceTree = "<group>"; };
		A84E613A18FE881C007E227E /* BirthClinicController.h */ = {isa = PBXFileReference; lastKnownFileType = sourcecode.c.h; name = BirthClinicController.h; path = BirthClinicController/include/BirthClinicController.h; sourceTree = SOURCE_ROOT; };
		A84E613B18FE883B007E227E /* BirthClinicController.cpp */ = {isa = PBXFileReference; fileEncoding = 4; lastKnownFileType = sourcecode.cpp.cpp; name = BirthClinicController.cpp; path = BirthClinicController/source/BirthClinicController.cpp; sourceTree = SOURCE_ROOT; };
		A84F2AEB190A970E0033F39C /* RoombotModule.cpp */ = {isa = PBXFileReference; fileEncoding = 4; lastKnownFileType = sourcecode.cpp.cpp; name = RoombotModule.cpp; path = BirthClinicController/source/RoombotModule.cpp; sourceTree = SOURCE_ROOT; };
		A86042641906CD1500972DED /* libz.dylib */ = {isa = PBXFileReference; lastKnownFileType = "compiled.mach-o.dylib"; name = libz.dylib; path = usr/lib/libz.dylib; sourceTree = SDKROOT; };
		A89B1510190946640075DDE2 /* RoombotModule.h */ = {isa = PBXFileReference; lastKnownFileType = sourcecode.c.h; name = RoombotModule.h; path = BirthClinicController/include/RoombotModule.h; sourceTree = SOURCE_ROOT; };
		A89E5B851907A01C008C9CDD /* libboost_filesystem-mt.dylib */ = {isa = PBXFileReference; lastKnownFileType = "compiled.mach-o.dylib"; name = "libboost_filesystem-mt.dylib"; path = "/opt/local/lib/libboost_filesystem-mt.dylib"; sourceTree = "<absolute>"; };
		A89E5B871907A042008C9CDD /* libboost_system-mt.dylib */ = {isa = PBXFileReference; lastKnownFileType = "compiled.mach-o.dylib"; name = "libboost_system-mt.dylib"; path = "/opt/local/lib/libboost_system-mt.dylib"; sourceTree = "<absolute>"; };
		A8C42D93191A5FFF006DAF05 /* Builder.cpp */ = {isa = PBXFileReference; fileEncoding = 4; lastKnownFileType = sourcecode.cpp.cpp; name = Builder.cpp; path = BirthClinicController/source/Builder.cpp; sourceTree = SOURCE_ROOT; };
		A8C42D97191A6346006DAF05 /* RoombotBuildPlan.h */ = {isa = PBXFileReference; fileEncoding = 4; lastKnownFileType = sourcecode.c.h; name = RoombotBuildPlan.h; path = BirthClinicController/include/RoombotBuildPlan.h; sourceTree = SOURCE_ROOT; };
		A8C42D98191A6352006DAF05 /* RoombotBuildPlan.cpp */ = {isa = PBXFileReference; fileEncoding = 4; lastKnownFileType = sourcecode.cpp.cpp; name = RoombotBuildPlan.cpp; path = BirthClinicController/source/RoombotBuildPlan.cpp; sourceTree = SOURCE_ROOT; };
		A8C42DC1191A63EA006DAF05 /* ActivationValueMatrix.h */ = {isa = PBXFileReference; fileEncoding = 4; lastKnownFileType = sourcecode.c.h; name = ActivationValueMatrix.h; path = BirthClinicController/include/ActivationValueMatrix.h; sourceTree = SOURCE_ROOT; };
		A8C42DC3191A63EA006DAF05 /* RelativePosition.h */ = {isa = PBXFileReference; fileEncoding = 4; lastKnownFileType = sourcecode.c.h; name = RelativePosition.h; path = BirthClinicController/include/RelativePosition.h; sourceTree = SOURCE_ROOT; };
		A8C42DC4191A640C006DAF05 /* ActivationValueMatrix.cpp */ = {isa = PBXFileReference; fileEncoding = 4; lastKnownFileType = sourcecode.cpp.cpp; name = ActivationValueMatrix.cpp; path = BirthClinicController/source/ActivationValueMatrix.cpp; sourceTree = SOURCE_ROOT; };
		A8C42DC5191A640C006DAF05 /* Bitmap.cpp */ = {isa = PBXFileReference; fileEncoding = 4; lastKnownFileType = sourcecode.cpp.cpp; name = Bitmap.cpp; path = BirthClinicController/source/Bitmap.cpp; sourceTree = SOURCE_ROOT; };
		A8C42DC6191A640C006DAF05 /* RelativePosition.cpp */ = {isa = PBXFileReference; fileEncoding = 4; lastKnownFileType = sourcecode.cpp.cpp; name = RelativePosition.cpp; path = BirthClinicController/source/RelativePosition.cpp; sourceTree = SOURCE_ROOT; };
		A8C42DCA191A6A27006DAF05 /* Builder.h */ = {isa = PBXFileReference; lastKnownFileType = sourcecode.c.h; name = Builder.h; path = BirthClinicController/include/Builder.h; sourceTree = SOURCE_ROOT; };
		A8E6B63619000AA9000D6E40 /* main.cpp */ = {isa = PBXFileReference; fileEncoding = 4; lastKnownFileType = sourcecode.cpp.cpp; name = main.cpp; path = BirthClinicController/source/main.cpp; sourceTree = SOURCE_ROOT; };
/* End PBXFileReference section */

/* Begin PBXFrameworksBuildPhase section */
		61AD16281897F88A003D24DE /* Frameworks */ = {
			isa = PBXFrameworksBuildPhase;
			buildActionMask = 2147483647;
			files = (
				A814555F192627D600278923 /* libboost_filesystem-mt.dylib in Frameworks */,
				A814555E1924A94000278923 /* libshared.a in Frameworks */,
				A89E5B881907A042008C9CDD /* libboost_system-mt.dylib in Frameworks */,
				A86042651906CD1500972DED /* libz.dylib in Frameworks */,
				61EBFBF919224C50000E6D71 /* libNEATLib.a in Frameworks */,
				61EBFBFA19224C50000E6D71 /* libtinyxmlpluslib.a in Frameworks */,
				61AD16411897F90A003D24DE /* libCppController.dylib in Frameworks */,
				61AD16401897F90A003D24DE /* libController.dylib in Frameworks */,
			);
			runOnlyForDeploymentPostprocessing = 0;
		};
/* End PBXFrameworksBuildPhase section */

/* Begin PBXGroup section */
		61AD16221897F88A003D24DE = {
			isa = PBXGroup;
			children = (
				61AD162D1897F88A003D24DE /* BirthClinicController */,
				61AD163D1897F8C7003D24DE /* Libraries */,
				61AD162C1897F88A003D24DE /* Products */,
			);
			sourceTree = "<group>";
		};
		61AD162C1897F88A003D24DE /* Products */ = {
			isa = PBXGroup;
			children = (
				61AD162B1897F88A003D24DE /* BirthClinicController */,
			);
			name = Products;
			sourceTree = "<group>";
		};
		61AD162D1897F88A003D24DE /* BirthClinicController */ = {
			isa = PBXGroup;
			children = (
				A84E611818FE734C007E227E /* include */,
				A84E611918FE7357007E227E /* source */,
			);
			name = BirthClinicController;
			path = ToLSupervisor;
			sourceTree = "<group>";
		};
		61AD163D1897F8C7003D24DE /* Libraries */ = {
			isa = PBXGroup;
			children = (
				61AD163E1897F90A003D24DE /* libController.dylib */,
				61AD163F1897F90A003D24DE /* libCppController.dylib */,
				A89E5B871907A042008C9CDD /* libboost_system-mt.dylib */,
				A89E5B851907A01C008C9CDD /* libboost_filesystem-mt.dylib */,
				A86042641906CD1500972DED /* libz.dylib */,
				61EBFBF719224C50000E6D71 /* libNEATLib.a */,
				61EBFBF819224C50000E6D71 /* libtinyxmlpluslib.a */,
				A814555D1924A94000278923 /* libshared.a */,
			);
			name = Libraries;
			sourceTree = "<group>";
		};
		A84E611818FE734C007E227E /* include */ = {
			isa = PBXGroup;
			children = (
				A84E613A18FE881C007E227E /* BirthClinicController.h */,
				A8C42DCA191A6A27006DAF05 /* Builder.h */,
				A8C42D97191A6346006DAF05 /* RoombotBuildPlan.h */,
				A89B1510190946640075DDE2 /* RoombotModule.h */,
				A8C42DC1191A63EA006DAF05 /* ActivationValueMatrix.h */,
				A8C42DC3191A63EA006DAF05 /* RelativePosition.h */,
			);
			name = include;
			sourceTree = "<group>";
		};
		A84E611918FE7357007E227E /* source */ = {
			isa = PBXGroup;
			children = (
				A8E6B63619000AA9000D6E40 /* main.cpp */,
				A84E613B18FE883B007E227E /* BirthClinicController.cpp */,
				A8C42D93191A5FFF006DAF05 /* Builder.cpp */,
				A8C42D98191A6352006DAF05 /* RoombotBuildPlan.cpp */,
				A84F2AEB190A970E0033F39C /* RoombotModule.cpp */,
				A8C42DC4191A640C006DAF05 /* ActivationValueMatrix.cpp */,
				A8C42DC6191A640C006DAF05 /* RelativePosition.cpp */,
				A8C42DC5191A640C006DAF05 /* Bitmap.cpp */,
			);
			name = source;
			sourceTree = "<group>";
		};
/* End PBXGroup section */

/* Begin PBXNativeTarget section */
		61AD162A1897F88A003D24DE /* BirthClinicController */ = {
			isa = PBXNativeTarget;
			buildConfigurationList = 61AD16341897F88A003D24DE /* Build configuration list for PBXNativeTarget "BirthClinicController" */;
			buildPhases = (
				61AD16271897F88A003D24DE /* Sources */,
				61AD16281897F88A003D24DE /* Frameworks */,
				61746C13192398A7002D8509 /* CopyFiles */,
			);
			buildRules = (
			);
			dependencies = (
			);
			name = BirthClinicController;
			productName = ToLSupervisor;
			productReference = 61AD162B1897F88A003D24DE /* BirthClinicController */;
			productType = "com.apple.product-type.tool";
		};
/* End PBXNativeTarget section */

/* Begin PBXProject section */
		61AD16231897F88A003D24DE /* Project object */ = {
			isa = PBXProject;
			attributes = {
				LastUpgradeCheck = 0500;
				ORGANIZATIONNAME = "Berend Weel";
			};
			buildConfigurationList = 61AD16261897F88A003D24DE /* Build configuration list for PBXProject "BirthClinicController" */;
			compatibilityVersion = "Xcode 3.2";
			developmentRegion = English;
			hasScannedForEncodings = 0;
			knownRegions = (
				en,
			);
			mainGroup = 61AD16221897F88A003D24DE;
			productRefGroup = 61AD162C1897F88A003D24DE /* Products */;
			projectDirPath = "";
			projectRoot = "";
			targets = (
				61AD162A1897F88A003D24DE /* BirthClinicController */,
			);
		};
/* End PBXProject section */

/* Begin PBXSourcesBuildPhase section */
		61AD16271897F88A003D24DE /* Sources */ = {
			isa = PBXSourcesBuildPhase;
			buildActionMask = 2147483647;
			files = (
				A8C42D95191A5FFF006DAF05 /* Builder.cpp in Sources */,
				A8C42DC9191A640C006DAF05 /* RelativePosition.cpp in Sources */,
				A8C42D99191A6352006DAF05 /* RoombotBuildPlan.cpp in Sources */,
				A8C42DC8191A640C006DAF05 /* Bitmap.cpp in Sources */,
				A8C42DC7191A640C006DAF05 /* ActivationValueMatrix.cpp in Sources */,
				A84F2AED190A970E0033F39C /* RoombotModule.cpp in Sources */,
				A8E6B63819000AA9000D6E40 /* main.cpp in Sources */,
				A84E613D18FE883B007E227E /* BirthClinicController.cpp in Sources */,
			);
			runOnlyForDeploymentPostprocessing = 0;
		};
/* End PBXSourcesBuildPhase section */

/* Begin XCBuildConfiguration section */
		61AD16321897F88A003D24DE /* Debug */ = {
			isa = XCBuildConfiguration;
			buildSettings = {
				ALWAYS_SEARCH_USER_PATHS = NO;
				CLANG_CXX_LANGUAGE_STANDARD = "gnu++0x";
				CLANG_CXX_LIBRARY = "libc++";
				CLANG_ENABLE_OBJC_ARC = YES;
				CLANG_WARN_BOOL_CONVERSION = YES;
				CLANG_WARN_CONSTANT_CONVERSION = YES;
				CLANG_WARN_DIRECT_OBJC_ISA_USAGE = YES_ERROR;
				CLANG_WARN_EMPTY_BODY = YES;
				CLANG_WARN_ENUM_CONVERSION = YES;
				CLANG_WARN_INT_CONVERSION = YES;
				CLANG_WARN_OBJC_ROOT_CLASS = YES_ERROR;
				CLANG_WARN__DUPLICATE_METHOD_MATCH = YES;
				COPY_PHASE_STRIP = NO;
				GCC_C_LANGUAGE_STANDARD = gnu99;
				GCC_DYNAMIC_NO_PIC = NO;
				GCC_ENABLE_OBJC_EXCEPTIONS = YES;
				GCC_OPTIMIZATION_LEVEL = 0;
				GCC_PREPROCESSOR_DEFINITIONS = (
					"DEBUG=1",
					"$(inherited)",
				);
				GCC_SYMBOLS_PRIVATE_EXTERN = NO;
				GCC_WARN_64_TO_32_BIT_CONVERSION = NO;
				GCC_WARN_ABOUT_RETURN_TYPE = YES_ERROR;
				GCC_WARN_UNDECLARED_SELECTOR = YES;
				GCC_WARN_UNINITIALIZED_AUTOS = YES;
				GCC_WARN_UNUSED_FUNCTION = NO;
				GCC_WARN_UNUSED_VARIABLE = YES;
				HEADER_SEARCH_PATHS = (
					"$(inherited)",
					/Applications/Xcode.app/Contents/Developer/Toolchains/XcodeDefault.xctoolchain/usr/include,
					/Applications/Webots/include/controller/cpp/,
					/opt/local/include/,
					"../lib/**",
					../shared/incude/,
				);
				LIBRARY_SEARCH_PATHS = (
					"$(SYSTEM_APPS_DIR)/Webots/lib",
					/opt/local/lib,
					../lib,
				);
				MACOSX_DEPLOYMENT_TARGET = 10.9;
				ONLY_ACTIVE_ARCH = YES;
				SDKROOT = macosx;
			};
			name = Debug;
		};
		61AD16331897F88A003D24DE /* Release */ = {
			isa = XCBuildConfiguration;
			buildSettings = {
				ALWAYS_SEARCH_USER_PATHS = NO;
				CLANG_CXX_LANGUAGE_STANDARD = "gnu++0x";
				CLANG_CXX_LIBRARY = "libc++";
				CLANG_ENABLE_OBJC_ARC = YES;
				CLANG_WARN_BOOL_CONVERSION = YES;
				CLANG_WARN_CONSTANT_CONVERSION = YES;
				CLANG_WARN_DIRECT_OBJC_ISA_USAGE = YES_ERROR;
				CLANG_WARN_EMPTY_BODY = YES;
				CLANG_WARN_ENUM_CONVERSION = YES;
				CLANG_WARN_INT_CONVERSION = YES;
				CLANG_WARN_OBJC_ROOT_CLASS = YES_ERROR;
				CLANG_WARN__DUPLICATE_METHOD_MATCH = YES;
				COPY_PHASE_STRIP = YES;
				DEBUG_INFORMATION_FORMAT = "dwarf-with-dsym";
				ENABLE_NS_ASSERTIONS = NO;
				GCC_C_LANGUAGE_STANDARD = gnu99;
				GCC_ENABLE_OBJC_EXCEPTIONS = YES;
				GCC_WARN_64_TO_32_BIT_CONVERSION = NO;
				GCC_WARN_ABOUT_RETURN_TYPE = YES_ERROR;
				GCC_WARN_UNDECLARED_SELECTOR = YES;
				GCC_WARN_UNINITIALIZED_AUTOS = YES;
				GCC_WARN_UNUSED_FUNCTION = NO;
				GCC_WARN_UNUSED_VARIABLE = YES;
				HEADER_SEARCH_PATHS = (
					"$(inherited)",
					/Applications/Xcode.app/Contents/Developer/Toolchains/XcodeDefault.xctoolchain/usr/include,
					/Applications/Webots/include/controller/cpp/,
					/opt/local/include/,
					"../lib/**",
					../shared/incude/,
				);
				LIBRARY_SEARCH_PATHS = (
					"$(SYSTEM_APPS_DIR)/Webots/lib",
					/opt/local/lib,
					../lib,
				);
				MACOSX_DEPLOYMENT_TARGET = 10.9;
				SDKROOT = macosx;
			};
			name = Release;
		};
		61AD16351897F88A003D24DE /* Debug */ = {
			isa = XCBuildConfiguration;
			buildSettings = {
				HEADER_SEARCH_PATHS = (
					"$(inherited)",
					/Applications/Xcode.app/Contents/Developer/Toolchains/XcodeDefault.xctoolchain/usr/include,
					/Applications/Webots/include/controller/cpp/,
					/opt/local/include/,
					../shared/include,
				);
				LIBRARY_SEARCH_PATHS = (
					"$(inherited)",
					/opt/local/lib,
				);
				PRODUCT_NAME = BirthClinicController;
			};
			name = Debug;
		};
		61AD16361897F88A003D24DE /* Release */ = {
			isa = XCBuildConfiguration;
			buildSettings = {
				HEADER_SEARCH_PATHS = (
					"$(inherited)",
					/Applications/Xcode.app/Contents/Developer/Toolchains/XcodeDefault.xctoolchain/usr/include,
					/Applications/Webots/include/controller/cpp/,
					/opt/local/include/,
					../shared/include,
				);
				LIBRARY_SEARCH_PATHS = (
					"$(inherited)",
					/opt/local/lib,
				);
				PRODUCT_NAME = BirthClinicController;
			};
			name = Release;
		};
/* End XCBuildConfiguration section */

/* Begin XCConfigurationList section */
		61AD16261897F88A003D24DE /* Build configuration list for PBXProject "BirthClinicController" */ = {
			isa = XCConfigurationList;
			buildConfigurations = (
				61AD16321897F88A003D24DE /* Debug */,
				61AD16331897F88A003D24DE /* Release */,
			);
			defaultConfigurationIsVisible = 0;
			defaultConfigurationName = Release;
		};
		61AD16341897F88A003D24DE /* Build configuration list for PBXNativeTarget "BirthClinicController" */ = {
			isa = XCConfigurationList;
			buildConfigurations = (
				61AD16351897F88A003D24DE /* Debug */,
				61AD16361897F88A003D24DE /* Release */,
			);
			defaultConfigurationIsVisible = 0;
			defaultConfigurationName = Release;
		};
/* End XCConfigurationList section */
	};
	rootObject = 61AD16231897F88A003D24DE /* Project object */;
}
